
Microsoft Visual Studio Solution File, Format Version 12.00
# Visual Studio 15
VisualStudioVersion = 15.0.28307.757
MinimumVisualStudioVersion = 10.0.40219.1
Project("{FAE04EC0-301F-11D3-BF4B-00C04F79EFBC}") = "R Track Controller", "R Track Controller\R Track Controller.csproj", "{CCD6DAF9-7996-4058-84A8-B52A71F91D1B}"
EndProject
Global
	GlobalSection(SolutionConfigurationPlatforms) = preSolution
		Debug|Any CPU = Debug|Any CPU
		Release|Any CPU = Release|Any CPU
	EndGlobalSection
	GlobalSection(ProjectConfigurationPlatforms) = postSolution
		{CCD6DAF9-7996-4058-84A8-B52A71F91D1B}.Debug|Any CPU.ActiveCfg = Debug|Any CPU
		{CCD6DAF9-7996-4058-84A8-B52A71F91D1B}.Debug|Any CPU.Build.0 = Debug|Any CPU
		{CCD6DAF9-7996-4058-84A8-B52A71F91D1B}.Release|Any CPU.ActiveCfg = Release|Any CPU
		{CCD6DAF9-7996-4058-84A8-B52A71F91D1B}.Release|Any CPU.Build.0 = Release|Any CPU
	EndGlobalSection
	GlobalSection(SolutionProperties) = preSolution
		HideSolutionNode = FALSE
	EndGlobalSection
	GlobalSection(ExtensibilityGlobals) = postSolution
		SolutionGuid = {FF4E0055-DD43-4BFF-AC34-41C1D0E92F78}
	EndGlobalSection
EndGlobal
